
Microsoft Visual Studio Solution File, Format Version 12.00
# Visual Studio Version 16
VisualStudioVersion = 16.0.30104.148
MinimumVisualStudioVersion = 10.0.40219.1
Project("{FAE04EC0-301F-11D3-BF4B-00C04F79EFBC}") = "L2TASK1CON.APP", "L1TASK1CON.APP\L2TASK1CON.APP.csproj", "{F771298D-EED8-4D49-B4FE-345A23475078}"
EndProject
Global
	GlobalSection(SolutionConfigurationPlatforms) = preSolution
		Debug|Any CPU = Debug|Any CPU
		Release|Any CPU = Release|Any CPU
	EndGlobalSection
	GlobalSection(ProjectConfigurationPlatforms) = postSolution
		{F771298D-EED8-4D49-B4FE-345A23475078}.Debug|Any CPU.ActiveCfg = Debug|Any CPU
		{F771298D-EED8-4D49-B4FE-345A23475078}.Debug|Any CPU.Build.0 = Debug|Any CPU
		{F771298D-EED8-4D49-B4FE-345A23475078}.Release|Any CPU.ActiveCfg = Release|Any CPU
		{F771298D-EED8-4D49-B4FE-345A23475078}.Release|Any CPU.Build.0 = Release|Any CPU
	EndGlobalSection
	GlobalSection(SolutionProperties) = preSolution
		HideSolutionNode = FALSE
	EndGlobalSection
	GlobalSection(ExtensibilityGlobals) = postSolution
		SolutionGuid = {D13A725E-E08E-49F6-9FD9-5EF513F2F7FF}
	EndGlobalSection
EndGlobal
