
Microsoft Visual Studio Solution File, Format Version 12.00
# Visual Studio Version 16
VisualStudioVersion = 16.0.30804.86
MinimumVisualStudioVersion = 10.0.40219.1
Project("{FAE04EC0-301F-11D3-BF4B-00C04F79EFBC}") = "ExtensionMethods", "ExtensionMethods\ExtensionMethods.csproj", "{D8EAAA0F-4901-4199-B108-D8FE0464007B}"
EndProject
Global
	GlobalSection(SolutionConfigurationPlatforms) = preSolution
		Debug|Any CPU = Debug|Any CPU
		Release|Any CPU = Release|Any CPU
	EndGlobalSection
	GlobalSection(ProjectConfigurationPlatforms) = postSolution
		{D8EAAA0F-4901-4199-B108-D8FE0464007B}.Debug|Any CPU.ActiveCfg = Debug|Any CPU
		{D8EAAA0F-4901-4199-B108-D8FE0464007B}.Debug|Any CPU.Build.0 = Debug|Any CPU
		{D8EAAA0F-4901-4199-B108-D8FE0464007B}.Release|Any CPU.ActiveCfg = Release|Any CPU
		{D8EAAA0F-4901-4199-B108-D8FE0464007B}.Release|Any CPU.Build.0 = Release|Any CPU
	EndGlobalSection
	GlobalSection(SolutionProperties) = preSolution
		HideSolutionNode = FALSE
	EndGlobalSection
	GlobalSection(ExtensibilityGlobals) = postSolution
		SolutionGuid = {647E09E9-A751-4E84-9875-D74D13990479}
	EndGlobalSection
EndGlobal
