
Microsoft Visual Studio Solution File, Format Version 12.00
# Visual Studio Version 16
VisualStudioVersion = 16.0.31605.320
MinimumVisualStudioVersion = 10.0.40219.1
Project("{FAE04EC0-301F-11D3-BF4B-00C04F79EFBC}") = "CheckIfLetterIsLowercaseApp", "CheckIfLetterIsLowercaseApp\CheckIfLetterIsLowercaseApp.csproj", "{5E73E8BF-3131-45B7-AD50-63D49D45D2E4}"
EndProject
Project("{FAE04EC0-301F-11D3-BF4B-00C04F79EFBC}") = "CheckIfLetterIsLowercaseAppTests", "CheckIfLetterIsLowercaseAppTests\CheckIfLetterIsLowercaseAppTests.csproj", "{185C7152-D112-408E-97BC-1011EC0FBF13}"
EndProject
Global
	GlobalSection(SolutionConfigurationPlatforms) = preSolution
		Debug|Any CPU = Debug|Any CPU
		Release|Any CPU = Release|Any CPU
	EndGlobalSection
	GlobalSection(ProjectConfigurationPlatforms) = postSolution
		{5E73E8BF-3131-45B7-AD50-63D49D45D2E4}.Debug|Any CPU.ActiveCfg = Debug|Any CPU
		{5E73E8BF-3131-45B7-AD50-63D49D45D2E4}.Debug|Any CPU.Build.0 = Debug|Any CPU
		{5E73E8BF-3131-45B7-AD50-63D49D45D2E4}.Release|Any CPU.ActiveCfg = Release|Any CPU
		{5E73E8BF-3131-45B7-AD50-63D49D45D2E4}.Release|Any CPU.Build.0 = Release|Any CPU
		{185C7152-D112-408E-97BC-1011EC0FBF13}.Debug|Any CPU.ActiveCfg = Debug|Any CPU
		{185C7152-D112-408E-97BC-1011EC0FBF13}.Debug|Any CPU.Build.0 = Debug|Any CPU
		{185C7152-D112-408E-97BC-1011EC0FBF13}.Release|Any CPU.ActiveCfg = Release|Any CPU
		{185C7152-D112-408E-97BC-1011EC0FBF13}.Release|Any CPU.Build.0 = Release|Any CPU
	EndGlobalSection
	GlobalSection(SolutionProperties) = preSolution
		HideSolutionNode = FALSE
	EndGlobalSection
	GlobalSection(ExtensibilityGlobals) = postSolution
		SolutionGuid = {D263386C-4B93-4D3A-AF17-CDE4E3257F7C}
	EndGlobalSection
EndGlobal
