
Microsoft Visual Studio Solution File, Format Version 12.00
# Visual Studio Version 16
VisualStudioVersion = 16.0.30104.148
MinimumVisualStudioVersion = 10.0.40219.1
Project("{FAE04EC0-301F-11D3-BF4B-00C04F79EFBC}") = "Сhecking numbers", "Сhecking numbers\Сhecking numbers.csproj", "{16720520-BA84-414B-A9ED-33D2FC6F021E}"
EndProject
Project("{2150E333-8FDC-42A3-9474-1A3956D46DE8}") = "Solution Items", "Solution Items", "{9C6D9724-D79A-4AE3-9D37-03F4B41DA114}"
	ProjectSection(SolutionItems) = preProject
		README.txt = README.txt
	EndProjectSection
EndProject
Global
	GlobalSection(SolutionConfigurationPlatforms) = preSolution
		Debug|Any CPU = Debug|Any CPU
		Release|Any CPU = Release|Any CPU
	EndGlobalSection
	GlobalSection(ProjectConfigurationPlatforms) = postSolution
		{16720520-BA84-414B-A9ED-33D2FC6F021E}.Debug|Any CPU.ActiveCfg = Debug|Any CPU
		{16720520-BA84-414B-A9ED-33D2FC6F021E}.Debug|Any CPU.Build.0 = Debug|Any CPU
		{16720520-BA84-414B-A9ED-33D2FC6F021E}.Release|Any CPU.ActiveCfg = Release|Any CPU
		{16720520-BA84-414B-A9ED-33D2FC6F021E}.Release|Any CPU.Build.0 = Release|Any CPU
	EndGlobalSection
	GlobalSection(SolutionProperties) = preSolution
		HideSolutionNode = FALSE
	EndGlobalSection
	GlobalSection(ExtensibilityGlobals) = postSolution
		SolutionGuid = {1FDCF70A-BBCA-4F5A-8769-ECDEAD879933}
	EndGlobalSection
EndGlobal
