
Microsoft Visual Studio Solution File, Format Version 12.00
# Visual Studio Version 16
VisualStudioVersion = 16.0.30330.147
MinimumVisualStudioVersion = 10.0.40219.1
Project("{FAE04EC0-301F-11D3-BF4B-00C04F79EFBC}") = "KentConv", "KentConv\KentConv.csproj", "{C6BF9E8D-02B4-4C38-AD13-E0F3087695B1}"
EndProject
Project("{FAE04EC0-301F-11D3-BF4B-00C04F79EFBC}") = "KentConvTest", "KentConvTest\KentConvTest.csproj", "{C2F2B376-E234-4195-9035-F988E30008B7}"
EndProject
Global
	GlobalSection(SolutionConfigurationPlatforms) = preSolution
		Debug|Any CPU = Debug|Any CPU
		Release|Any CPU = Release|Any CPU
	EndGlobalSection
	GlobalSection(ProjectConfigurationPlatforms) = postSolution
		{C6BF9E8D-02B4-4C38-AD13-E0F3087695B1}.Debug|Any CPU.ActiveCfg = Debug|Any CPU
		{C6BF9E8D-02B4-4C38-AD13-E0F3087695B1}.Debug|Any CPU.Build.0 = Debug|Any CPU
		{C6BF9E8D-02B4-4C38-AD13-E0F3087695B1}.Release|Any CPU.ActiveCfg = Release|Any CPU
		{C6BF9E8D-02B4-4C38-AD13-E0F3087695B1}.Release|Any CPU.Build.0 = Release|Any CPU
		{C2F2B376-E234-4195-9035-F988E30008B7}.Debug|Any CPU.ActiveCfg = Debug|Any CPU
		{C2F2B376-E234-4195-9035-F988E30008B7}.Debug|Any CPU.Build.0 = Debug|Any CPU
		{C2F2B376-E234-4195-9035-F988E30008B7}.Release|Any CPU.ActiveCfg = Release|Any CPU
		{C2F2B376-E234-4195-9035-F988E30008B7}.Release|Any CPU.Build.0 = Release|Any CPU
	EndGlobalSection
	GlobalSection(SolutionProperties) = preSolution
		HideSolutionNode = FALSE
	EndGlobalSection
	GlobalSection(ExtensibilityGlobals) = postSolution
		SolutionGuid = {47514C19-8110-4654-8F20-191C675A1E96}
	EndGlobalSection
EndGlobal
