
Microsoft Visual Studio Solution File, Format Version 12.00
# Visual Studio Version 16
VisualStudioVersion = 16.0.29905.134
MinimumVisualStudioVersion = 10.0.40219.1
Project("{FAE04EC0-301F-11D3-BF4B-00C04F79EFBC}") = "L1TASK1", "L1TASK1\L1TASK1.csproj", "{6B2A2AAA-4CA1-48EF-A29E-46077B0D52FA}"
EndProject
Global
	GlobalSection(SolutionConfigurationPlatforms) = preSolution
		Debug|Any CPU = Debug|Any CPU
		Release|Any CPU = Release|Any CPU
	EndGlobalSection
	GlobalSection(ProjectConfigurationPlatforms) = postSolution
		{6B2A2AAA-4CA1-48EF-A29E-46077B0D52FA}.Debug|Any CPU.ActiveCfg = Debug|Any CPU
		{6B2A2AAA-4CA1-48EF-A29E-46077B0D52FA}.Debug|Any CPU.Build.0 = Debug|Any CPU
		{6B2A2AAA-4CA1-48EF-A29E-46077B0D52FA}.Release|Any CPU.ActiveCfg = Release|Any CPU
		{6B2A2AAA-4CA1-48EF-A29E-46077B0D52FA}.Release|Any CPU.Build.0 = Release|Any CPU
	EndGlobalSection
	GlobalSection(SolutionProperties) = preSolution
		HideSolutionNode = FALSE
	EndGlobalSection
	GlobalSection(ExtensibilityGlobals) = postSolution
		SolutionGuid = {18A12E17-E795-4F94-98C9-FEE1112CEB04}
	EndGlobalSection
EndGlobal
