
Microsoft Visual Studio Solution File, Format Version 12.00
# Visual Studio Version 16
VisualStudioVersion = 16.0.30104.148
MinimumVisualStudioVersion = 10.0.40219.1
Project("{FAE04EC0-301F-11D3-BF4B-00C04F79EFBC}") = "Four Metods", "Four Metods\Four Metods.csproj", "{C93E26AC-A1D8-42FB-A138-B15F22CE8D8C}"
EndProject
Project("{2150E333-8FDC-42A3-9474-1A3956D46DE8}") = "Solution Items", "Solution Items", "{2E24F61F-C88A-4E4B-AA32-E17595B173AF}"
	ProjectSection(SolutionItems) = preProject
		README.txt = README.txt
	EndProjectSection
EndProject
Global
	GlobalSection(SolutionConfigurationPlatforms) = preSolution
		Debug|Any CPU = Debug|Any CPU
		Release|Any CPU = Release|Any CPU
	EndGlobalSection
	GlobalSection(ProjectConfigurationPlatforms) = postSolution
		{C93E26AC-A1D8-42FB-A138-B15F22CE8D8C}.Debug|Any CPU.ActiveCfg = Debug|Any CPU
		{C93E26AC-A1D8-42FB-A138-B15F22CE8D8C}.Debug|Any CPU.Build.0 = Debug|Any CPU
		{C93E26AC-A1D8-42FB-A138-B15F22CE8D8C}.Release|Any CPU.ActiveCfg = Release|Any CPU
		{C93E26AC-A1D8-42FB-A138-B15F22CE8D8C}.Release|Any CPU.Build.0 = Release|Any CPU
	EndGlobalSection
	GlobalSection(SolutionProperties) = preSolution
		HideSolutionNode = FALSE
	EndGlobalSection
	GlobalSection(ExtensibilityGlobals) = postSolution
		SolutionGuid = {4515A3D2-3CC7-483D-BE1C-5E576C98D208}
	EndGlobalSection
EndGlobal
