
Microsoft Visual Studio Solution File, Format Version 12.00
# Visual Studio Version 16
VisualStudioVersion = 16.0.30104.148
MinimumVisualStudioVersion = 10.0.40219.1
Project("{FAE04EC0-301F-11D3-BF4B-00C04F79EFBC}") = "Array data", "Array data\Array data.csproj", "{52126B4F-6C60-4A89-A485-0B9F59A3F738}"
EndProject
Project("{2150E333-8FDC-42A3-9474-1A3956D46DE8}") = "Solution Items", "Solution Items", "{470729D0-E9D4-4E11-ACBD-C6B8E2F832A9}"
	ProjectSection(SolutionItems) = preProject
		README.txt = README.txt
	EndProjectSection
EndProject
Global
	GlobalSection(SolutionConfigurationPlatforms) = preSolution
		Debug|Any CPU = Debug|Any CPU
		Release|Any CPU = Release|Any CPU
	EndGlobalSection
	GlobalSection(ProjectConfigurationPlatforms) = postSolution
		{52126B4F-6C60-4A89-A485-0B9F59A3F738}.Debug|Any CPU.ActiveCfg = Debug|Any CPU
		{52126B4F-6C60-4A89-A485-0B9F59A3F738}.Debug|Any CPU.Build.0 = Debug|Any CPU
		{52126B4F-6C60-4A89-A485-0B9F59A3F738}.Release|Any CPU.ActiveCfg = Release|Any CPU
		{52126B4F-6C60-4A89-A485-0B9F59A3F738}.Release|Any CPU.Build.0 = Release|Any CPU
	EndGlobalSection
	GlobalSection(SolutionProperties) = preSolution
		HideSolutionNode = FALSE
	EndGlobalSection
	GlobalSection(ExtensibilityGlobals) = postSolution
		SolutionGuid = {F3BF2424-A81A-4DAD-9C47-3FA2C91F6A44}
	EndGlobalSection
EndGlobal
